
Microsoft Visual Studio Solution File, Format Version 12.00
# Visual Studio Version 17
VisualStudioVersion = 17.1.32228.430
MinimumVisualStudioVersion = 10.0.40219.1
Project("{FAE04EC0-301F-11D3-BF4B-00C04F79EFBC}") = "WebApiDemo", "WebApiDemo.csproj", "{A3CBE806-363E-4B81-8D85-F450A8B84D03}"
EndProject
Global
	GlobalSection(SolutionConfigurationPlatforms) = preSolution
		Debug|Any CPU = Debug|Any CPU
		Release|Any CPU = Release|Any CPU
	EndGlobalSection
	GlobalSection(ProjectConfigurationPlatforms) = postSolution
		{A3CBE806-363E-4B81-8D85-F450A8B84D03}.Debug|Any CPU.ActiveCfg = Debug|Any CPU
		{A3CBE806-363E-4B81-8D85-F450A8B84D03}.Debug|Any CPU.Build.0 = Debug|Any CPU
		{A3CBE806-363E-4B81-8D85-F450A8B84D03}.Release|Any CPU.ActiveCfg = Release|Any CPU
		{A3CBE806-363E-4B81-8D85-F450A8B84D03}.Release|Any CPU.Build.0 = Release|Any CPU
	EndGlobalSection
	GlobalSection(SolutionProperties) = preSolution
		HideSolutionNode = FALSE
	EndGlobalSection
	GlobalSection(ExtensibilityGlobals) = postSolution
		SolutionGuid = {D7E20788-F04C-4BE3-9545-B7DF6932600A}
	EndGlobalSection
EndGlobal
